
Microsoft Visual Studio Solution File, Format Version 12.00
# Visual Studio Version 17
VisualStudioVersion = 17.0.31903.59
MinimumVisualStudioVersion = 10.0.40219.1
Project("{FAE04EC0-301F-11D3-BF4B-00C04F79EFBC}") = "API", "API\API.csproj", "{9F1434D9-B0B6-4FF6-9A96-84C69BCD91D8}"
EndProject
Project("{FAE04EC0-301F-11D3-BF4B-00C04F79EFBC}") = "Core", "Core\Core.csproj", "{0E18E79D-5A0B-4CED-B1B4-3A8EB4822AEB}"
EndProject
Project("{FAE04EC0-301F-11D3-BF4B-00C04F79EFBC}") = "Infrastructure", "Infrastructure\Infrastructure.csproj", "{02015ABA-4EB9-4A18-AA6A-F9460AE76B66}"
EndProject
Global
	GlobalSection(SolutionConfigurationPlatforms) = preSolution
		Debug|Any CPU = Debug|Any CPU
		Release|Any CPU = Release|Any CPU
	EndGlobalSection
	GlobalSection(SolutionProperties) = preSolution
		HideSolutionNode = FALSE
	EndGlobalSection
	GlobalSection(ProjectConfigurationPlatforms) = postSolution
		{9F1434D9-B0B6-4FF6-9A96-84C69BCD91D8}.Debug|Any CPU.ActiveCfg = Debug|Any CPU
		{9F1434D9-B0B6-4FF6-9A96-84C69BCD91D8}.Debug|Any CPU.Build.0 = Debug|Any CPU
		{9F1434D9-B0B6-4FF6-9A96-84C69BCD91D8}.Release|Any CPU.ActiveCfg = Release|Any CPU
		{9F1434D9-B0B6-4FF6-9A96-84C69BCD91D8}.Release|Any CPU.Build.0 = Release|Any CPU
		{0E18E79D-5A0B-4CED-B1B4-3A8EB4822AEB}.Debug|Any CPU.ActiveCfg = Debug|Any CPU
		{0E18E79D-5A0B-4CED-B1B4-3A8EB4822AEB}.Debug|Any CPU.Build.0 = Debug|Any CPU
		{0E18E79D-5A0B-4CED-B1B4-3A8EB4822AEB}.Release|Any CPU.ActiveCfg = Release|Any CPU
		{0E18E79D-5A0B-4CED-B1B4-3A8EB4822AEB}.Release|Any CPU.Build.0 = Release|Any CPU
		{02015ABA-4EB9-4A18-AA6A-F9460AE76B66}.Debug|Any CPU.ActiveCfg = Debug|Any CPU
		{02015ABA-4EB9-4A18-AA6A-F9460AE76B66}.Debug|Any CPU.Build.0 = Debug|Any CPU
		{02015ABA-4EB9-4A18-AA6A-F9460AE76B66}.Release|Any CPU.ActiveCfg = Release|Any CPU
		{02015ABA-4EB9-4A18-AA6A-F9460AE76B66}.Release|Any CPU.Build.0 = Release|Any CPU
	EndGlobalSection
EndGlobal
